// !$*UTF8*$!
{
	archiveVersion = 1;
	classes = {
	};
	objectVersion = 46;
	objects = {

/* Begin PBXBuildFile section */
		84B6B6C91F28E6BA002F6BE8 /* JHTabBarController.m in Sources */ = {isa = PBXBuildFile; fileRef = 84B6B6C81F28E6BA002F6BE8 /* JHTabBarController.m */; };
		84B6B6CC1F2A1F41002F6BE8 /* JHNavigationController.m in Sources */ = {isa = PBXBuildFile; fileRef = 84B6B6CB1F2A1F41002F6BE8 /* JHNavigationController.m */; };
		84B6B6CF1F2A204C002F6BE8 /* JHMeViewController.m in Sources */ = {isa = PBXBuildFile; fileRef = 84B6B6CE1F2A204C002F6BE8 /* JHMeViewController.m */; };
		84B6B6D21F2A207E002F6BE8 /* JHDataViewController.m in Sources */ = {isa = PBXBuildFile; fileRef = 84B6B6D11F2A207E002F6BE8 /* JHDataViewController.m */; };
		84B6B6D51F2A20A3002F6BE8 /* JHGuessViewController.m in Sources */ = {isa = PBXBuildFile; fileRef = 84B6B6D41F2A20A3002F6BE8 /* JHGuessViewController.m */; };
		84B6B6D81F2A20BC002F6BE8 /* JHFindViewController.m in Sources */ = {isa = PBXBuildFile; fileRef = 84B6B6D71F2A20BC002F6BE8 /* JHFindViewController.m */; };
		84B6B6DB1F2A20DD002F6BE8 /* JHLiveViewController.m in Sources */ = {isa = PBXBuildFile; fileRef = 84B6B6DA1F2A20DD002F6BE8 /* JHLiveViewController.m */; };
		84B6B6DE1F2A26C7002F6BE8 /* UIImage+Image.m in Sources */ = {isa = PBXBuildFile; fileRef = 84B6B6DD1F2A26C7002F6BE8 /* UIImage+Image.m */; };
		84D3058A1F28D62C006E7342 /* main.m in Sources */ = {isa = PBXBuildFile; fileRef = 84D305891F28D62C006E7342 /* main.m */; };
		84D3058D1F28D62C006E7342 /* AppDelegate.m in Sources */ = {isa = PBXBuildFile; fileRef = 84D3058C1F28D62C006E7342 /* AppDelegate.m */; };
		84D305961F28D62C006E7342 /* Max.xcdatamodeld in Sources */ = {isa = PBXBuildFile; fileRef = 84D305941F28D62C006E7342 /* Max.xcdatamodeld */; };
		84D305981F28D62C006E7342 /* Assets.xcassets in Resources */ = {isa = PBXBuildFile; fileRef = 84D305971F28D62C006E7342 /* Assets.xcassets */; };
		84D3059B1F28D62C006E7342 /* LaunchScreen.storyboard in Resources */ = {isa = PBXBuildFile; fileRef = 84D305991F28D62C006E7342 /* LaunchScreen.storyboard */; };
/* End PBXBuildFile section */

/* Begin PBXFileReference section */
		84B6B6C71F28E6BA002F6BE8 /* JHTabBarController.h */ = {isa = PBXFileReference; fileEncoding = 4; lastKnownFileType = sourcecode.c.h; path = JHTabBarController.h; sourceTree = "<group>"; };
		84B6B6C81F28E6BA002F6BE8 /* JHTabBarController.m */ = {isa = PBXFileReference; fileEncoding = 4; lastKnownFileType = sourcecode.c.objc; path = JHTabBarController.m; sourceTree = "<group>"; };
		84B6B6CA1F2A1F41002F6BE8 /* JHNavigationController.h */ = {isa = PBXFileReference; fileEncoding = 4; lastKnownFileType = sourcecode.c.h; path = JHNavigationController.h; sourceTree = "<group>"; };
		84B6B6CB1F2A1F41002F6BE8 /* JHNavigationController.m */ = {isa = PBXFileReference; fileEncoding = 4; lastKnownFileType = sourcecode.c.objc; path = JHNavigationController.m; sourceTree = "<group>"; };
		84B6B6CD1F2A204C002F6BE8 /* JHMeViewController.h */ = {isa = PBXFileReference; fileEncoding = 4; lastKnownFileType = sourcecode.c.h; path = JHMeViewController.h; sourceTree = "<group>"; };
		84B6B6CE1F2A204C002F6BE8 /* JHMeViewController.m */ = {isa = PBXFileReference; fileEncoding = 4; lastKnownFileType = sourcecode.c.objc; path = JHMeViewController.m; sourceTree = "<group>"; };
		84B6B6D01F2A207E002F6BE8 /* JHDataViewController.h */ = {isa = PBXFileReference; fileEncoding = 4; lastKnownFileType = sourcecode.c.h; path = JHDataViewController.h; sourceTree = "<group>"; };
		84B6B6D11F2A207E002F6BE8 /* JHDataViewController.m */ = {isa = PBXFileReference; fileEncoding = 4; lastKnownFileType = sourcecode.c.objc; path = JHDataViewController.m; sourceTree = "<group>"; };
		84B6B6D31F2A20A3002F6BE8 /* JHGuessViewController.h */ = {isa = PBXFileReference; fileEncoding = 4; lastKnownFileType = sourcecode.c.h; path = JHGuessViewController.h; sourceTree = "<group>"; };
		84B6B6D41F2A20A3002F6BE8 /* JHGuessViewController.m */ = {isa = PBXFileReference; fileEncoding = 4; lastKnownFileType = sourcecode.c.objc; path = JHGuessViewController.m; sourceTree = "<group>"; };
		84B6B6D61F2A20BC002F6BE8 /* JHFindViewController.h */ = {isa = PBXFileReference; fileEncoding = 4; lastKnownFileType = sourcecode.c.h; path = JHFindViewController.h; sourceTree = "<group>"; };
		84B6B6D71F2A20BC002F6BE8 /* JHFindViewController.m */ = {isa = PBXFileReference; fileEncoding = 4; lastKnownFileType = sourcecode.c.objc; path = JHFindViewController.m; sourceTree = "<group>"; };
		84B6B6D91F2A20DD002F6BE8 /* JHLiveViewController.h */ = {isa = PBXFileReference; fileEncoding = 4; lastKnownFileType = sourcecode.c.h; path = JHLiveViewController.h; sourceTree = "<group>"; };
		84B6B6DA1F2A20DD002F6BE8 /* JHLiveViewController.m */ = {isa = PBXFileReference; fileEncoding = 4; lastKnownFileType = sourcecode.c.objc; path = JHLiveViewController.m; sourceTree = "<group>"; };
		84B6B6DC1F2A26C7002F6BE8 /* UIImage+Image.h */ = {isa = PBXFileReference; fileEncoding = 4; lastKnownFileType = sourcecode.c.h; path = "UIImage+Image.h"; sourceTree = "<group>"; };
		84B6B6DD1F2A26C7002F6BE8 /* UIImage+Image.m */ = {isa = PBXFileReference; fileEncoding = 4; lastKnownFileType = sourcecode.c.objc; path = "UIImage+Image.m"; sourceTree = "<group>"; };
		84D305851F28D62C006E7342 /* Max.app */ = {isa = PBXFileReference; explicitFileType = wrapper.application; includeInIndex = 0; path = Max.app; sourceTree = BUILT_PRODUCTS_DIR; };
		84D305891F28D62C006E7342 /* main.m */ = {isa = PBXFileReference; lastKnownFileType = sourcecode.c.objc; path = main.m; sourceTree = "<group>"; };
		84D3058B1F28D62C006E7342 /* AppDelegate.h */ = {isa = PBXFileReference; lastKnownFileType = sourcecode.c.h; name = AppDelegate.h; path = ../AppDelegate.h; sourceTree = "<group>"; };
		84D3058C1F28D62C006E7342 /* AppDelegate.m */ = {isa = PBXFileReference; lastKnownFileType = sourcecode.c.objc; name = AppDelegate.m; path = ../AppDelegate.m; sourceTree = "<group>"; };
		84D305951F28D62C006E7342 /* Max.xcdatamodel */ = {isa = PBXFileReference; lastKnownFileType = wrapper.xcdatamodel; path = Max.xcdatamodel; sourceTree = "<group>"; };
		84D305971F28D62C006E7342 /* Assets.xcassets */ = {isa = PBXFileReference; lastKnownFileType = folder.assetcatalog; path = Assets.xcassets; sourceTree = "<group>"; };
		84D3059A1F28D62C006E7342 /* Base */ = {isa = PBXFileReference; lastKnownFileType = file.storyboard; name = Base; path = Base.lproj/LaunchScreen.storyboard; sourceTree = "<group>"; };
		84D3059C1F28D62C006E7342 /* Info.plist */ = {isa = PBXFileReference; lastKnownFileType = text.plist.xml; name = Info.plist; path = ../Info.plist; sourceTree = "<group>"; };
/* End PBXFileReference section */

/* Begin PBXFrameworksBuildPhase section */
		84D305821F28D62C006E7342 /* Frameworks */ = {
			isa = PBXFrameworksBuildPhase;
			buildActionMask = 2147483647;
			files = (
			);
			runOnlyForDeploymentPostprocessing = 0;
		};
/* End PBXFrameworksBuildPhase section */

/* Begin PBXGroup section */
		84B6B6AB1F28E50E002F6BE8 /* Classes */ = {
			isa = PBXGroup;
			children = (
				84B6B6AC1F28E50E002F6BE8 /* JHaMe(我) */,
				84B6B6B01F28E50E002F6BE8 /* JHbData(数据) */,
				84B6B6B41F28E50E002F6BE8 /* JHcGuess(竞猜) */,
				84B6B6B81F28E50E002F6BE8 /* JHdFind(发现) */,
				84B6B6BC1F28E50E002F6BE8 /* JHeLive(直播) */,
				84B6B6C01F28E50E002F6BE8 /* Main */,
				84B6B6C41F28E50E002F6BE8 /* Other */,
				84D3058B1F28D62C006E7342 /* AppDelegate.h */,
				84D3058C1F28D62C006E7342 /* AppDelegate.m */,
				84D3059C1F28D62C006E7342 /* Info.plist */,
			);
			path = Classes;
			sourceTree = "<group>";
		};
		84B6B6AC1F28E50E002F6BE8 /* JHaMe(我) */ = {
			isa = PBXGroup;
			children = (
				84B6B6AD1F28E50E002F6BE8 /* Controller */,
				84B6B6AE1F28E50E002F6BE8 /* Model */,
				84B6B6AF1F28E50E002F6BE8 /* View */,
			);
			path = "JHaMe(我)";
			sourceTree = "<group>";
		};
		84B6B6AD1F28E50E002F6BE8 /* Controller */ = {
			isa = PBXGroup;
			children = (
				84B6B6CD1F2A204C002F6BE8 /* JHMeViewController.h */,
				84B6B6CE1F2A204C002F6BE8 /* JHMeViewController.m */,
			);
			path = Controller;
			sourceTree = "<group>";
		};
		84B6B6AE1F28E50E002F6BE8 /* Model */ = {
			isa = PBXGroup;
			children = (
			);
			path = Model;
			sourceTree = "<group>";
		};
		84B6B6AF1F28E50E002F6BE8 /* View */ = {
			isa = PBXGroup;
			children = (
			);
			path = View;
			sourceTree = "<group>";
		};
		84B6B6B01F28E50E002F6BE8 /* JHbData(数据) */ = {
			isa = PBXGroup;
			children = (
				84B6B6B11F28E50E002F6BE8 /* Controller */,
				84B6B6B21F28E50E002F6BE8 /* Model */,
				84B6B6B31F28E50E002F6BE8 /* View */,
			);
			path = "JHbData(数据)";
			sourceTree = "<group>";
		};
		84B6B6B11F28E50E002F6BE8 /* Controller */ = {
			isa = PBXGroup;
			children = (
				84B6B6D01F2A207E002F6BE8 /* JHDataViewController.h */,
				84B6B6D11F2A207E002F6BE8 /* JHDataViewController.m */,
			);
			path = Controller;
			sourceTree = "<group>";
		};
		84B6B6B21F28E50E002F6BE8 /* Model */ = {
			isa = PBXGroup;
			children = (
			);
			path = Model;
			sourceTree = "<group>";
		};
		84B6B6B31F28E50E002F6BE8 /* View */ = {
			isa = PBXGroup;
			children = (
			);
			path = View;
			sourceTree = "<group>";
		};
		84B6B6B41F28E50E002F6BE8 /* JHcGuess(竞猜) */ = {
			isa = PBXGroup;
			children = (
				84B6B6B51F28E50E002F6BE8 /* Controller */,
				84B6B6B61F28E50E002F6BE8 /* Model */,
				84B6B6B71F28E50E002F6BE8 /* View */,
			);
			path = "JHcGuess(竞猜)";
			sourceTree = "<group>";
		};
		84B6B6B51F28E50E002F6BE8 /* Controller */ = {
			isa = PBXGroup;
			children = (
				84B6B6D31F2A20A3002F6BE8 /* JHGuessViewController.h */,
				84B6B6D41F2A20A3002F6BE8 /* JHGuessViewController.m */,
			);
			path = Controller;
			sourceTree = "<group>";
		};
		84B6B6B61F28E50E002F6BE8 /* Model */ = {
			isa = PBXGroup;
			children = (
			);
			path = Model;
			sourceTree = "<group>";
		};
		84B6B6B71F28E50E002F6BE8 /* View */ = {
			isa = PBXGroup;
			children = (
			);
			path = View;
			sourceTree = "<group>";
		};
		84B6B6B81F28E50E002F6BE8 /* JHdFind(发现) */ = {
			isa = PBXGroup;
			children = (
				84B6B6B91F28E50E002F6BE8 /* Controller */,
				84B6B6BA1F28E50E002F6BE8 /* Model */,
				84B6B6BB1F28E50E002F6BE8 /* View */,
			);
			path = "JHdFind(发现)";
			sourceTree = "<group>";
		};
		84B6B6B91F28E50E002F6BE8 /* Controller */ = {
			isa = PBXGroup;
			children = (
				84B6B6D61F2A20BC002F6BE8 /* JHFindViewController.h */,
				84B6B6D71F2A20BC002F6BE8 /* JHFindViewController.m */,
			);
			path = Controller;
			sourceTree = "<group>";
		};
		84B6B6BA1F28E50E002F6BE8 /* Model */ = {
			isa = PBXGroup;
			children = (
			);
			path = Model;
			sourceTree = "<group>";
		};
		84B6B6BB1F28E50E002F6BE8 /* View */ = {
			isa = PBXGroup;
			children = (
			);
			path = View;
			sourceTree = "<group>";
		};
		84B6B6BC1F28E50E002F6BE8 /* JHeLive(直播) */ = {
			isa = PBXGroup;
			children = (
				84B6B6BD1F28E50E002F6BE8 /* Controller */,
				84B6B6BE1F28E50E002F6BE8 /* Model */,
				84B6B6BF1F28E50E002F6BE8 /* View */,
			);
			path = "JHeLive(直播)";
			sourceTree = "<group>";
		};
		84B6B6BD1F28E50E002F6BE8 /* Controller */ = {
			isa = PBXGroup;
			children = (
				84B6B6D91F2A20DD002F6BE8 /* JHLiveViewController.h */,
				84B6B6DA1F2A20DD002F6BE8 /* JHLiveViewController.m */,
			);
			path = Controller;
			sourceTree = "<group>";
		};
		84B6B6BE1F28E50E002F6BE8 /* Model */ = {
			isa = PBXGroup;
			children = (
			);
			path = Model;
			sourceTree = "<group>";
		};
		84B6B6BF1F28E50E002F6BE8 /* View */ = {
			isa = PBXGroup;
			children = (
			);
			path = View;
			sourceTree = "<group>";
		};
		84B6B6C01F28E50E002F6BE8 /* Main */ = {
			isa = PBXGroup;
			children = (
				84B6B6C11F28E50E002F6BE8 /* Controller */,
				84B6B6C21F28E50E002F6BE8 /* Model */,
				84B6B6C31F28E50E002F6BE8 /* View */,
			);
			path = Main;
			sourceTree = "<group>";
		};
		84B6B6C11F28E50E002F6BE8 /* Controller */ = {
			isa = PBXGroup;
			children = (
				84B6B6C71F28E6BA002F6BE8 /* JHTabBarController.h */,
				84B6B6C81F28E6BA002F6BE8 /* JHTabBarController.m */,
				84B6B6CA1F2A1F41002F6BE8 /* JHNavigationController.h */,
				84B6B6CB1F2A1F41002F6BE8 /* JHNavigationController.m */,
			);
			path = Controller;
			sourceTree = "<group>";
		};
		84B6B6C21F28E50E002F6BE8 /* Model */ = {
			isa = PBXGroup;
			children = (
			);
			path = Model;
			sourceTree = "<group>";
		};
		84B6B6C31F28E50E002F6BE8 /* View */ = {
			isa = PBXGroup;
			children = (
			);
			path = View;
			sourceTree = "<group>";
		};
		84B6B6C41F28E50E002F6BE8 /* Other */ = {
			isa = PBXGroup;
			children = (
				84B6B6C51F28E50E002F6BE8 /* Category */,
				84B6B6C61F28E50E002F6BE8 /* Lib */,
			);
			path = Other;
			sourceTree = "<group>";
		};
		84B6B6C51F28E50E002F6BE8 /* Category */ = {
			isa = PBXGroup;
			children = (
				84B6B6DC1F2A26C7002F6BE8 /* UIImage+Image.h */,
				84B6B6DD1F2A26C7002F6BE8 /* UIImage+Image.m */,
			);
			path = Category;
			sourceTree = "<group>";
		};
		84B6B6C61F28E50E002F6BE8 /* Lib */ = {
			isa = PBXGroup;
			children = (
			);
			path = Lib;
			sourceTree = "<group>";
		};
		84D3057C1F28D62C006E7342 = {
			isa = PBXGroup;
			children = (
				84D305871F28D62C006E7342 /* Max */,
				84D305861F28D62C006E7342 /* Products */,
			);
			sourceTree = "<group>";
		};
		84D305861F28D62C006E7342 /* Products */ = {
			isa = PBXGroup;
			children = (
				84D305851F28D62C006E7342 /* Max.app */,
			);
			name = Products;
			sourceTree = "<group>";
		};
		84D305871F28D62C006E7342 /* Max */ = {
			isa = PBXGroup;
			children = (
				84B6B6AB1F28E50E002F6BE8 /* Classes */,
				84D305971F28D62C006E7342 /* Assets.xcassets */,
				84D305991F28D62C006E7342 /* LaunchScreen.storyboard */,
				84D305941F28D62C006E7342 /* Max.xcdatamodeld */,
				84D305881F28D62C006E7342 /* Supporting Files */,
			);
			path = Max;
			sourceTree = "<group>";
		};
		84D305881F28D62C006E7342 /* Supporting Files */ = {
			isa = PBXGroup;
			children = (
				84D305891F28D62C006E7342 /* main.m */,
			);
			name = "Supporting Files";
			sourceTree = "<group>";
		};
/* End PBXGroup section */

/* Begin PBXNativeTarget section */
		84D305841F28D62C006E7342 /* Max */ = {
			isa = PBXNativeTarget;
			buildConfigurationList = 84D3059F1F28D62C006E7342 /* Build configuration list for PBXNativeTarget "Max" */;
			buildPhases = (
				84D305811F28D62C006E7342 /* Sources */,
				84D305821F28D62C006E7342 /* Frameworks */,
				84D305831F28D62C006E7342 /* Resources */,
			);
			buildRules = (
			);
			dependencies = (
			);
			name = Max;
			productName = Max;
			productReference = 84D305851F28D62C006E7342 /* Max.app */;
			productType = "com.apple.product-type.application";
		};
/* End PBXNativeTarget section */

/* Begin PBXProject section */
		84D3057D1F28D62C006E7342 /* Project object */ = {
			isa = PBXProject;
			attributes = {
				LastUpgradeCheck = 0830;
				ORGANIZATIONNAME = caojunhua;
				TargetAttributes = {
					84D305841F28D62C006E7342 = {
						CreatedOnToolsVersion = 8.3.3;
						DevelopmentTeam = 5A3W3WXGJR;
						ProvisioningStyle = Automatic;
					};
				};
			};
			buildConfigurationList = 84D305801F28D62C006E7342 /* Build configuration list for PBXProject "Max" */;
			compatibilityVersion = "Xcode 3.2";
			developmentRegion = English;
			hasScannedForEncodings = 0;
			knownRegions = (
				en,
				Base,
			);
			mainGroup = 84D3057C1F28D62C006E7342;
			productRefGroup = 84D305861F28D62C006E7342 /* Products */;
			projectDirPath = "";
			projectRoot = "";
			targets = (
				84D305841F28D62C006E7342 /* Max */,
			);
		};
/* End PBXProject section */

/* Begin PBXResourcesBuildPhase section */
		84D305831F28D62C006E7342 /* Resources */ = {
			isa = PBXResourcesBuildPhase;
			buildActionMask = 2147483647;
			files = (
				84D3059B1F28D62C006E7342 /* LaunchScreen.storyboard in Resources */,
				84D305981F28D62C006E7342 /* Assets.xcassets in Resources */,
			);
			runOnlyForDeploymentPostprocessing = 0;
		};
/* End PBXResourcesBuildPhase section */

/* Begin PBXSourcesBuildPhase section */
		84D305811F28D62C006E7342 /* Sources */ = {
			isa = PBXSourcesBuildPhase;
			buildActionMask = 2147483647;
			files = (
				84B6B6D81F2A20BC002F6BE8 /* JHFindViewController.m in Sources */,
				84D3058D1F28D62C006E7342 /* AppDelegate.m in Sources */,
				84B6B6D21F2A207E002F6BE8 /* JHDataViewController.m in Sources */,
				84B6B6D51F2A20A3002F6BE8 /* JHGuessViewController.m in Sources */,
				84B6B6DE1F2A26C7002F6BE8 /* UIImage+Image.m in Sources */,
				84B6B6DB1F2A20DD002F6BE8 /* JHLiveViewController.m in Sources */,
				84B6B6C91F28E6BA002F6BE8 /* JHTabBarController.m in Sources */,
				84B6B6CF1F2A204C002F6BE8 /* JHMeViewController.m in Sources */,
				84D305961F28D62C006E7342 /* Max.xcdatamodeld in Sources */,
				84B6B6CC1F2A1F41002F6BE8 /* JHNavigationController.m in Sources */,
				84D3058A1F28D62C006E7342 /* main.m in Sources */,
			);
			runOnlyForDeploymentPostprocessing = 0;
		};
/* End PBXSourcesBuildPhase section */

/* Begin PBXVariantGroup section */
		84D305991F28D62C006E7342 /* LaunchScreen.storyboard */ = {
			isa = PBXVariantGroup;
			children = (
				84D3059A1F28D62C006E7342 /* Base */,
			);
			name = LaunchScreen.storyboard;
			sourceTree = "<group>";
		};
/* End PBXVariantGroup section */

/* Begin XCBuildConfiguration section */
		84D3059D1F28D62C006E7342 /* Debug */ = {
			isa = XCBuildConfiguration;
			buildSettings = {
				ALWAYS_SEARCH_USER_PATHS = NO;
				CLANG_ANALYZER_NONNULL = YES;
				CLANG_ANALYZER_NUMBER_OBJECT_CONVERSION = YES_AGGRESSIVE;
				CLANG_CXX_LANGUAGE_STANDARD = "gnu++0x";
				CLANG_CXX_LIBRARY = "libc++";
				CLANG_ENABLE_MODULES = YES;
				CLANG_ENABLE_OBJC_ARC = YES;
				CLANG_WARN_BOOL_CONVERSION = YES;
				CLANG_WARN_CONSTANT_CONVERSION = YES;
				CLANG_WARN_DIRECT_OBJC_ISA_USAGE = YES_ERROR;
				CLANG_WARN_DOCUMENTATION_COMMENTS = YES;
				CLANG_WARN_EMPTY_BODY = YES;
				CLANG_WARN_ENUM_CONVERSION = YES;
				CLANG_WARN_INFINITE_RECURSION = YES;
				CLANG_WARN_INT_CONVERSION = YES;
				CLANG_WARN_OBJC_ROOT_CLASS = YES_ERROR;
				CLANG_WARN_SUSPICIOUS_MOVE = YES;
				CLANG_WARN_UNREACHABLE_CODE = YES;
				CLANG_WARN__DUPLICATE_METHOD_MATCH = YES;
				"CODE_SIGN_IDENTITY[sdk=iphoneos*]" = "iPhone Developer";
				COPY_PHASE_STRIP = NO;
				DEBUG_INFORMATION_FORMAT = dwarf;
				ENABLE_STRICT_OBJC_MSGSEND = YES;
				ENABLE_TESTABILITY = YES;
				GCC_C_LANGUAGE_STANDARD = gnu99;
				GCC_DYNAMIC_NO_PIC = NO;
				GCC_NO_COMMON_BLOCKS = YES;
				GCC_OPTIMIZATION_LEVEL = 0;
				GCC_PREPROCESSOR_DEFINITIONS = (
					"DEBUG=1",
					"$(inherited)",
				);
				GCC_WARN_64_TO_32_BIT_CONVERSION = YES;
				GCC_WARN_ABOUT_RETURN_TYPE = YES_ERROR;
				GCC_WARN_UNDECLARED_SELECTOR = YES;
				GCC_WARN_UNINITIALIZED_AUTOS = YES_AGGRESSIVE;
				GCC_WARN_UNUSED_FUNCTION = YES;
				GCC_WARN_UNUSED_VARIABLE = YES;
				IPHONEOS_DEPLOYMENT_TARGET = 8.0;
				MTL_ENABLE_DEBUG_INFO = YES;
				ONLY_ACTIVE_ARCH = YES;
				SDKROOT = iphoneos;
			};
			name = Debug;
		};
		84D3059E1F28D62C006E7342 /* Release */ = {
			isa = XCBuildConfiguration;
			buildSettings = {
				ALWAYS_SEARCH_USER_PATHS = NO;
				CLANG_ANALYZER_NONNULL = YES;
				CLANG_ANALYZER_NUMBER_OBJECT_CONVERSION = YES_AGGRESSIVE;
				CLANG_CXX_LANGUAGE_STANDARD = "gnu++0x";
				CLANG_CXX_LIBRARY = "libc++";
				CLANG_ENABLE_MODULES = YES;
				CLANG_ENABLE_OBJC_ARC = YES;
				CLANG_WARN_BOOL_CONVERSION = YES;
				CLANG_WARN_CONSTANT_CONVERSION = YES;
				CLANG_WARN_DIRECT_OBJC_ISA_USAGE = YES_ERROR;
				CLANG_WARN_DOCUMENTATION_COMMENTS = YES;
				CLANG_WARN_EMPTY_BODY = YES;
				CLANG_WARN_ENUM_CONVERSION = YES;
				CLANG_WARN_INFINITE_RECURSION = YES;
				CLANG_WARN_INT_CONVERSION = YES;
				CLANG_WARN_OBJC_ROOT_CLASS = YES_ERROR;
				CLANG_WARN_SUSPICIOUS_MOVE = YES;
				CLANG_WARN_UNREACHABLE_CODE = YES;
				CLANG_WARN__DUPLICATE_METHOD_MATCH = YES;
				"CODE_SIGN_IDENTITY[sdk=iphoneos*]" = "iPhone Developer";
				COPY_PHASE_STRIP = NO;
				DEBUG_INFORMATION_FORMAT = "dwarf-with-dsym";
				ENABLE_NS_ASSERTIONS = NO;
				ENABLE_STRICT_OBJC_MSGSEND = YES;
				GCC_C_LANGUAGE_STANDARD = gnu99;
				GCC_NO_COMMON_BLOCKS = YES;
				GCC_WARN_64_TO_32_BIT_CONVERSION = YES;
				GCC_WARN_ABOUT_RETURN_TYPE = YES_ERROR;
				GCC_WARN_UNDECLARED_SELECTOR = YES;
				GCC_WARN_UNINITIALIZED_AUTOS = YES_AGGRESSIVE;
				GCC_WARN_UNUSED_FUNCTION = YES;
				GCC_WARN_UNUSED_VARIABLE = YES;
				IPHONEOS_DEPLOYMENT_TARGET = 8.0;
				MTL_ENABLE_DEBUG_INFO = NO;
				SDKROOT = iphoneos;
				VALIDATE_PRODUCT = YES;
			};
			name = Release;
		};
		84D305A01F28D62C006E7342 /* Debug */ = {
			isa = XCBuildConfiguration;
			buildSettings = {
				ASSETCATALOG_COMPILER_APPICON_NAME = AppIcon;
				DEVELOPMENT_TEAM = 5A3W3WXGJR;
				INFOPLIST_FILE = Max/Info.plist;
				IPHONEOS_DEPLOYMENT_TARGET = 8.0;
				LD_RUNPATH_SEARCH_PATHS = "$(inherited) @executable_path/Frameworks";
				PRODUCT_BUNDLE_IDENTIFIER = cao.Max;
				PRODUCT_NAME = "$(TARGET_NAME)";
			};
			name = Debug;
		};
		84D305A11F28D62C006E7342 /* Release */ = {
			isa = XCBuildConfiguration;
			buildSettings = {
				ASSETCATALOG_COMPILER_APPICON_NAME = AppIcon;
				DEVELOPMENT_TEAM = 5A3W3WXGJR;
				INFOPLIST_FILE = Max/Info.plist;
				IPHONEOS_DEPLOYMENT_TARGET = 8.0;
				LD_RUNPATH_SEARCH_PATHS = "$(inherited) @executable_path/Frameworks";
				PRODUCT_BUNDLE_IDENTIFIER = cao.Max;
				PRODUCT_NAME = "$(TARGET_NAME)";
			};
			name = Release;
		};
/* End XCBuildConfiguration section */

/* Begin XCConfigurationList section */
		84D305801F28D62C006E7342 /* Build configuration list for PBXProject "Max" */ = {
			isa = XCConfigurationList;
			buildConfigurations = (
				84D3059D1F28D62C006E7342 /* Debug */,
				84D3059E1F28D62C006E7342 /* Release */,
			);
			defaultConfigurationIsVisible = 0;
			defaultConfigurationName = Release;
		};
		84D3059F1F28D62C006E7342 /* Build configuration list for PBXNativeTarget "Max" */ = {
			isa = XCConfigurationList;
			buildConfigurations = (
				84D305A01F28D62C006E7342 /* Debug */,
				84D305A11F28D62C006E7342 /* Release */,
			);
			defaultConfigurationIsVisible = 0;
			defaultConfigurationName = Release;
		};
/* End XCConfigurationList section */

/* Begin XCVersionGroup section */
		84D305941F28D62C006E7342 /* Max.xcdatamodeld */ = {
			isa = XCVersionGroup;
			children = (
				84D305951F28D62C006E7342 /* Max.xcdatamodel */,
			);
			currentVersion = 84D305951F28D62C006E7342 /* Max.xcdatamodel */;
			path = Max.xcdatamodeld;
			sourceTree = "<group>";
			versionGroupType = wrapper.xcdatamodel;
		};
/* End XCVersionGroup section */
	};
	rootObject = 84D3057D1F28D62C006E7342 /* Project object */;
}
